
Microsoft Visual Studio Solution File, Format Version 12.00
# Visual Studio 15
VisualStudioVersion = 15.0.27428.2037
MinimumVisualStudioVersion = 10.0.40219.1
Project("{FAE04EC0-301F-11D3-BF4B-00C04F79EFBC}") = "Word Automatic Generation", "Word Automatic Generation\Word Automatic Generation.csproj", "{56887BCB-D059-4CBB-B8BF-27BD8D47D16E}"
EndProject
Project("{FAE04EC0-301F-11D3-BF4B-00C04F79EFBC}") = "Doc Template Management", "Doc Template Management\Doc Template Management.csproj", "{C4C45E49-7A95-4CD5-9920-FF0B6B1F82DA}"
EndProject
Global
	GlobalSection(SolutionConfigurationPlatforms) = preSolution
		Debug|Any CPU = Debug|Any CPU
		Release|Any CPU = Release|Any CPU
	EndGlobalSection
	GlobalSection(ProjectConfigurationPlatforms) = postSolution
		{56887BCB-D059-4CBB-B8BF-27BD8D47D16E}.Debug|Any CPU.ActiveCfg = Debug|Any CPU
		{56887BCB-D059-4CBB-B8BF-27BD8D47D16E}.Debug|Any CPU.Build.0 = Debug|Any CPU
		{56887BCB-D059-4CBB-B8BF-27BD8D47D16E}.Release|Any CPU.ActiveCfg = Release|Any CPU
		{56887BCB-D059-4CBB-B8BF-27BD8D47D16E}.Release|Any CPU.Build.0 = Release|Any CPU
		{C4C45E49-7A95-4CD5-9920-FF0B6B1F82DA}.Debug|Any CPU.ActiveCfg = Debug|Any CPU
		{C4C45E49-7A95-4CD5-9920-FF0B6B1F82DA}.Debug|Any CPU.Build.0 = Debug|Any CPU
		{C4C45E49-7A95-4CD5-9920-FF0B6B1F82DA}.Release|Any CPU.ActiveCfg = Release|Any CPU
		{C4C45E49-7A95-4CD5-9920-FF0B6B1F82DA}.Release|Any CPU.Build.0 = Release|Any CPU
	EndGlobalSection
	GlobalSection(SolutionProperties) = preSolution
		HideSolutionNode = FALSE
	EndGlobalSection
	GlobalSection(ExtensibilityGlobals) = postSolution
		SolutionGuid = {98AD7B05-B24C-426E-90EF-9F34FFCF8B84}
	EndGlobalSection
EndGlobal
